# THIS IS AN AUTOGENERATED FILE. DO NOT EDIT THIS FILE DIRECTLY.
# yarn lockfile v1


axios@0.21.4:
  version "0.21.4"
  resolved "https://registry.yarnpkg.com/axios/-/axios-0.21.4.tgz#c67b90dc0568e5c1cf2b0b858c43ba28e2eda575"
  integrity sha512-ut5vewkiu8jjGBdqpM44XxjuCjq9LAKeHVmoVfHVzy8eHgxxq8SbAVQNovDA8mVi05kP0Ea/n/UzcSHcTJQfNg==
  dependencies:
    follow-redirects "^1.14.0"

ffprobe-client@1.1.6:
  version "1.1.6"
  resolved "https://registry.yarnpkg.com/ffprobe-client/-/ffprobe-client-1.1.6.tgz#5fad0b148aa82bd8c855447de08a2bff02864e01"
  integrity sha512-n+wNlD9QC0nHsBUJGYljYAB1gwtuNxXQh0V4Am6M2T3h8Is7qR2hwrrC5Pjc9YNE4MpIslaQUe7+c9wPCarVJQ==

follow-redirects@^1.14.0:
  version "1.14.3"
  resolved "https://registry.yarnpkg.com/follow-redirects/-/follow-redirects-1.14.3.tgz#6ada78118d8d24caee595595accdc0ac6abd022e"
  integrity sha512-3MkHxknWMUtb23apkgz/83fDoe+y+qr0TdgacGIA7bew+QLBo3vdgEN2xEsuXNivpFy4CyDhBBZnNZOtalmenw==

m3u8stream@^0.8.3:
  version "0.8.4"
  resolved "https://registry.yarnpkg.com/m3u8stream/-/m3u8stream-0.8.4.tgz#15b49d0c2b510755ea43c1e53f85d7aaa4dc65c2"
  integrity sha512-sco80Db+30RvcaIOndenX6E6oQNgTiBKeJbFPc+yDXwPQIkryfboEbCvXPlBRq3mQTCVPQO93TDVlfRwqpD35w==
  dependencies:
    miniget "^4.0.0"
    sax "^1.2.4"

miniget@^4.0.0:
  version "4.2.1"
  resolved "https://registry.yarnpkg.com/miniget/-/miniget-4.2.1.tgz#11a1c24817a059e292378eb9cff4328d9240c665"
  integrity sha512-O/DduzDR6f+oDtVype9S/Qu5hhnx73EDYGyZKwU/qN82lehFZdfhoa4DT51SpsO+8epYrB3gcRmws56ROfTIoQ==

sax@^1.1.3, sax@^1.2.4:
  version "1.2.4"
  resolved "https://registry.yarnpkg.com/sax/-/sax-1.2.4.tgz#2816234e2378bddc4e5354fab5caa895df7100d9"
  integrity sha512-NqVDv9TpANUjFm0N8uM5GxL36UgKi9/atZw+x7YFnQ8ckwFGKrl4xX4yWtrey3UJm5nP1kUbnYgLopqWNSRhWw==

ytdl-core@4.9.1:
  version "4.9.1"
  resolved "https://registry.yarnpkg.com/ytdl-core/-/ytdl-core-4.9.1.tgz#f587e2bd8329b5133c0bac4ce5ee1f3c7a1175a9"
  integrity sha512-6Jbp5RDhUEozlaJQAR+l8oV8AHsx3WUXxSyPxzE6wOIAaLql7Hjiy0ZM58wZoyj1YEenlEPjEqcJIjKYKxvHtQ==
  dependencies:
    m3u8stream "^0.8.3"
    miniget "^4.0.0"
    sax "^1.1.3"
